Microsoft Visual Studio Solution File, Format Version 11.00
# Visual Studio 2010
Project("{F184B08F-C81C-45F6-A57F-5ABD9991F28F}") = "DxSample.Module", "DxSample.Module\DxSample.Module.vbproj", "{AF56B0D2-73A5-4AF8-B85B-4B611495FEA7}"
EndProject
Project("{F184B08F-C81C-45F6-A57F-5ABD9991F28F}") = "DxSample.Module.Web", "DxSample.Module.Web\DxSample.Module.Web.vbproj", "{B6B31555-1D31-4788-88F0-69E922D6351B}"
EndProject
Project("{F184B08F-C81C-45F6-A57F-5ABD9991F28F}") = "DxSample.Web", "DxSample.Web\DxSample.Web.vbproj", "{68CABBE1-3627-4563-85FF-D5ED8864ADC3}"
EndProject
Global
	GlobalSection(SolutionConfigurationPlatforms) = preSolution
		Debug|Any CPU = Debug|Any CPU
		EasyTest|Any CPU = EasyTest|Any CPU
		Release|Any CPU = Release|Any CPU
	EndGlobalSection
	GlobalSection(ProjectConfigurationPlatforms) = postSolution
		{AF56B0D2-73A5-4AF8-B85B-4B611495FEA7}.Debug|Any CPU.ActiveCfg = Debug|Any CPU
		{AF56B0D2-73A5-4AF8-B85B-4B611495FEA7}.Debug|Any CPU.Build.0 = Debug|Any CPU
		{AF56B0D2-73A5-4AF8-B85B-4B611495FEA7}.EasyTest|Any CPU.ActiveCfg = EasyTest|Any CPU
		{AF56B0D2-73A5-4AF8-B85B-4B611495FEA7}.EasyTest|Any CPU.Build.0 = EasyTest|Any CPU
		{AF56B0D2-73A5-4AF8-B85B-4B611495FEA7}.Release|Any CPU.ActiveCfg = Release|Any CPU
		{AF56B0D2-73A5-4AF8-B85B-4B611495FEA7}.Release|Any CPU.Build.0 = Release|Any CPU
		{B6B31555-1D31-4788-88F0-69E922D6351B}.Debug|Any CPU.ActiveCfg = Debug|Any CPU
		{B6B31555-1D31-4788-88F0-69E922D6351B}.Debug|Any CPU.Build.0 = Debug|Any CPU
		{B6B31555-1D31-4788-88F0-69E922D6351B}.EasyTest|Any CPU.ActiveCfg = EasyTest|Any CPU
		{B6B31555-1D31-4788-88F0-69E922D6351B}.EasyTest|Any CPU.Build.0 = EasyTest|Any CPU
		{B6B31555-1D31-4788-88F0-69E922D6351B}.Release|Any CPU.ActiveCfg = Release|Any CPU
		{B6B31555-1D31-4788-88F0-69E922D6351B}.Release|Any CPU.Build.0 = Release|Any CPU
		{68CABBE1-3627-4563-85FF-D5ED8864ADC3}.Debug|Any CPU.ActiveCfg = Debug|Any CPU
		{68CABBE1-3627-4563-85FF-D5ED8864ADC3}.Debug|Any CPU.Build.0 = Debug|Any CPU
		{68CABBE1-3627-4563-85FF-D5ED8864ADC3}.EasyTest|Any CPU.ActiveCfg = EasyTest|Any CPU
		{68CABBE1-3627-4563-85FF-D5ED8864ADC3}.EasyTest|Any CPU.Build.0 = EasyTest|Any CPU
		{68CABBE1-3627-4563-85FF-D5ED8864ADC3}.Release|Any CPU.ActiveCfg = Release|Any CPU
		{68CABBE1-3627-4563-85FF-D5ED8864ADC3}.Release|Any CPU.Build.0 = Release|Any CPU
	EndGlobalSection
	GlobalSection(SolutionProperties) = preSolution
		HideSolutionNode = FALSE
	EndGlobalSection
EndGlobal
